// !$*UTF8*$!
{
	archiveVersion = 1;
	classes = {
	};
	objectVersion = 56;
	objects = {

/* Begin PBXBuildFile section */
		100000000000000000000001 /* GithubContributionWidgetApp.swift in Sources */ = {isa = PBXBuildFile; fileRef = 200000000000000000000001 /* GithubContributionWidgetApp.swift */; };
		100000000000000000000002 /* ContentView.swift in Sources */ = {isa = PBXBuildFile; fileRef = 200000000000000000000002 /* ContentView.swift */; };
		100000000000000000000003 /* ContributionProfile.swift in Sources */ = {isa = PBXBuildFile; fileRef = 200000000000000000000003 /* ContributionProfile.swift */; };
		100000000000000000000004 /* ContributionWidgetCard.swift in Sources */ = {isa = PBXBuildFile; fileRef = 200000000000000000000004 /* ContributionWidgetCard.swift */; };
		100000000000000000000005 /* GithubContributionWidget.swift in Sources */ = {isa = PBXBuildFile; fileRef = 200000000000000000000005 /* GithubContributionWidget.swift */; };
		100000000000000000000006 /* GithubContributionWidgetBundle.swift in Sources */ = {isa = PBXBuildFile; fileRef = 200000000000000000000006 /* GithubContributionWidgetBundle.swift */; };
		100000000000000000000007 /* ContributionProfile.swift in Sources */ = {isa = PBXBuildFile; fileRef = 200000000000000000000003 /* ContributionProfile.swift */; };
		100000000000000000000008 /* ContributionWidgetCard.swift in Sources */ = {isa = PBXBuildFile; fileRef = 200000000000000000000004 /* ContributionWidgetCard.swift */; };
		100000000000000000000009 /* GithubContributionWidgetExtension.appex in Embed App Extensions */ = {isa = PBXBuildFile; fileRef = 200000000000000000000008 /* GithubContributionWidgetExtension.appex */; settings = {ATTRIBUTES = (RemoveHeadersOnCopy, ); }; };
		100000000000000000000010 /* SettingsView.swift in Sources */ = {isa = PBXBuildFile; fileRef = 200000000000000000000012 /* SettingsView.swift */; };
		100000000000000000000011 /* GitHubSettings.swift in Sources */ = {isa = PBXBuildFile; fileRef = 200000000000000000000010 /* GitHubSettings.swift */; };
		100000000000000000000012 /* GitHubService.swift in Sources */ = {isa = PBXBuildFile; fileRef = 200000000000000000000011 /* GitHubService.swift */; };
		100000000000000000000013 /* GitHubSettings.swift in Sources */ = {isa = PBXBuildFile; fileRef = 200000000000000000000010 /* GitHubSettings.swift */; };
		100000000000000000000014 /* GitHubService.swift in Sources */ = {isa = PBXBuildFile; fileRef = 200000000000000000000011 /* GitHubService.swift */; };
		100000000000000000000015 /* KeychainService.swift in Sources */ = {isa = PBXBuildFile; fileRef = 200000000000000000000015 /* KeychainService.swift */; };
		100000000000000000000016 /* KeychainService.swift in Sources */ = {isa = PBXBuildFile; fileRef = 200000000000000000000015 /* KeychainService.swift */; };
		100000000000000000000017 /* Assets.xcassets in Resources */ = {isa = PBXBuildFile; fileRef = 200000000000000000000016 /* Assets.xcassets */; };
/* End PBXBuildFile section */

/* Begin PBXContainerItemProxy section */
		300000000000000000000001 /* PBXContainerItemProxy */ = {
			isa = PBXContainerItemProxy;
			containerPortal = 900000000000000000000001 /* Project object */;
			proxyType = 1;
			remoteGlobalIDString = 222222222222222222222222;
			remoteInfo = GithubContributionWidgetExtension;
		};
/* End PBXContainerItemProxy section */

/* Begin PBXCopyFilesBuildPhase section */
		400000000000000000000001 /* Embed App Extensions */ = {
			isa = PBXCopyFilesBuildPhase;
			buildActionMask = 2147483647;
			dstPath = "";
			dstSubfolderSpec = 13;
			files = (
				100000000000000000000009 /* GithubContributionWidgetExtension.appex in Embed App Extensions */,
			);
			name = "Embed App Extensions";
			runOnlyForDeploymentPostprocessing = 0;
		};
/* End PBXCopyFilesBuildPhase section */

/* Begin PBXFileReference section */
		200000000000000000000001 /* GithubContributionWidgetApp.swift */ = {isa = PBXFileReference; lastKnownFileType = sourcecode.swift; path = GithubContributionWidgetApp.swift; sourceTree = "<group>"; };
		200000000000000000000002 /* ContentView.swift */ = {isa = PBXFileReference; lastKnownFileType = sourcecode.swift; path = ContentView.swift; sourceTree = "<group>"; };
		200000000000000000000003 /* ContributionProfile.swift */ = {isa = PBXFileReference; lastKnownFileType = sourcecode.swift; path = ContributionProfile.swift; sourceTree = "<group>"; };
		200000000000000000000004 /* ContributionWidgetCard.swift */ = {isa = PBXFileReference; lastKnownFileType = sourcecode.swift; path = ContributionWidgetCard.swift; sourceTree = "<group>"; };
		200000000000000000000005 /* GithubContributionWidget.swift */ = {isa = PBXFileReference; lastKnownFileType = sourcecode.swift; path = GithubContributionWidget.swift; sourceTree = "<group>"; };
		200000000000000000000006 /* GithubContributionWidgetBundle.swift */ = {isa = PBXFileReference; lastKnownFileType = sourcecode.swift; path = GithubContributionWidgetBundle.swift; sourceTree = "<group>"; };
		200000000000000000000007 /* Info.plist */ = {isa = PBXFileReference; lastKnownFileType = text.plist.xml; path = Info.plist; sourceTree = "<group>"; };
		200000000000000000000008 /* GithubContributionWidgetExtension.appex */ = {isa = PBXFileReference; explicitFileType = "wrapper.app-extension"; includeInIndex = 0; path = GithubContributionWidgetExtension.appex; sourceTree = BUILT_PRODUCTS_DIR; };
		200000000000000000000009 /* Github Contribution Widget.app */ = {isa = PBXFileReference; explicitFileType = wrapper.application; includeInIndex = 0; path = "Github Contribution Widget.app"; sourceTree = BUILT_PRODUCTS_DIR; };
		200000000000000000000010 /* GitHubSettings.swift */ = {isa = PBXFileReference; lastKnownFileType = sourcecode.swift; path = GitHubSettings.swift; sourceTree = "<group>"; };
		200000000000000000000011 /* GitHubService.swift */ = {isa = PBXFileReference; lastKnownFileType = sourcecode.swift; path = GitHubService.swift; sourceTree = "<group>"; };
		200000000000000000000012 /* SettingsView.swift */ = {isa = PBXFileReference; lastKnownFileType = sourcecode.swift; path = SettingsView.swift; sourceTree = "<group>"; };
		200000000000000000000013 /* GithubContributionWidget.entitlements */ = {isa = PBXFileReference; lastKnownFileType = text.plist.entitlements; path = GithubContributionWidget.entitlements; sourceTree = "<group>"; };
		200000000000000000000014 /* GithubContributionWidgetExtension.entitlements */ = {isa = PBXFileReference; lastKnownFileType = text.plist.entitlements; path = GithubContributionWidgetExtension.entitlements; sourceTree = "<group>"; };
		200000000000000000000015 /* KeychainService.swift */ = {isa = PBXFileReference; lastKnownFileType = sourcecode.swift; path = KeychainService.swift; sourceTree = "<group>"; };
		200000000000000000000016 /* Assets.xcassets */ = {isa = PBXFileReference; lastKnownFileType = folder.assetcatalog; path = Assets.xcassets; sourceTree = "<group>"; };
/* End PBXFileReference section */

/* Begin PBXFrameworksBuildPhase section */
		500000000000000000000001 /* Frameworks */ = {
			isa = PBXFrameworksBuildPhase;
			buildActionMask = 2147483647;
			files = (
			);
			runOnlyForDeploymentPostprocessing = 0;
		};
		500000000000000000000002 /* Frameworks */ = {
			isa = PBXFrameworksBuildPhase;
			buildActionMask = 2147483647;
			files = (
			);
			runOnlyForDeploymentPostprocessing = 0;
		};
/* End PBXFrameworksBuildPhase section */

/* Begin PBXGroup section */
		600000000000000000000001 = {
			isa = PBXGroup;
			children = (
				600000000000000000000002 /* GithubContributionWidget */,
				600000000000000000000006 /* GithubContributionWidgetExtension */,
				600000000000000000000007 /* Products */,
			);
			sourceTree = "<group>";
		};
		600000000000000000000002 /* GithubContributionWidget */ = {
			isa = PBXGroup;
			children = (
				600000000000000000000003 /* App */,
				600000000000000000000004 /* Views */,
				600000000000000000000005 /* Shared */,
				200000000000000000000016 /* Assets.xcassets */,
				200000000000000000000013 /* GithubContributionWidget.entitlements */,
			);
			path = GithubContributionWidget;
			sourceTree = "<group>";
		};
		600000000000000000000003 /* App */ = {
			isa = PBXGroup;
			children = (
				200000000000000000000001 /* GithubContributionWidgetApp.swift */,
			);
			path = App;
			sourceTree = "<group>";
		};
		600000000000000000000004 /* Views */ = {
			isa = PBXGroup;
			children = (
				200000000000000000000002 /* ContentView.swift */,
				200000000000000000000012 /* SettingsView.swift */,
			);
			path = Views;
			sourceTree = "<group>";
		};
		600000000000000000000005 /* Shared */ = {
			isa = PBXGroup;
			children = (
				200000000000000000000003 /* ContributionProfile.swift */,
				200000000000000000000004 /* ContributionWidgetCard.swift */,
				200000000000000000000010 /* GitHubSettings.swift */,
				200000000000000000000011 /* GitHubService.swift */,
				200000000000000000000015 /* KeychainService.swift */,
			);
			path = Shared;
			sourceTree = "<group>";
		};
		600000000000000000000006 /* GithubContributionWidgetExtension */ = {
			isa = PBXGroup;
			children = (
				200000000000000000000005 /* GithubContributionWidget.swift */,
				200000000000000000000006 /* GithubContributionWidgetBundle.swift */,
				200000000000000000000007 /* Info.plist */,
				200000000000000000000014 /* GithubContributionWidgetExtension.entitlements */,
			);
			path = GithubContributionWidgetExtension;
			sourceTree = "<group>";
		};
		600000000000000000000007 /* Products */ = {
			isa = PBXGroup;
			children = (
				200000000000000000000009 /* Github Contribution Widget.app */,
				200000000000000000000008 /* GithubContributionWidgetExtension.appex */,
			);
			name = Products;
			sourceTree = "<group>";
		};
/* End PBXGroup section */

/* Begin PBXNativeTarget section */
		111111111111111111111111 /* Github Contribution Widget */ = {
			isa = PBXNativeTarget;
			buildConfigurationList = 800000000000000000000001 /* Build configuration list for PBXNativeTarget "Github Contribution Widget" */;
			buildPhases = (
				700000000000000000000001 /* Sources */,
				500000000000000000000001 /* Frameworks */,
				700000000000000000000002 /* Resources */,
				400000000000000000000001 /* Embed App Extensions */,
			);
			buildRules = (
			);
			dependencies = (
				300000000000000000000002 /* PBXTargetDependency */,
			);
			name = "Github Contribution Widget";
			productName = "Github Contribution Widget";
			productReference = 200000000000000000000009 /* Github Contribution Widget.app */;
			productType = "com.apple.product-type.application";
		};
		222222222222222222222222 /* GithubContributionWidgetExtension */ = {
			isa = PBXNativeTarget;
			buildConfigurationList = 800000000000000000000002 /* Build configuration list for PBXNativeTarget "GithubContributionWidgetExtension" */;
			buildPhases = (
				700000000000000000000003 /* Sources */,
				500000000000000000000002 /* Frameworks */,
				700000000000000000000004 /* Resources */,
			);
			buildRules = (
			);
			dependencies = (
			);
			name = GithubContributionWidgetExtension;
			productName = GithubContributionWidgetExtension;
			productReference = 200000000000000000000008 /* GithubContributionWidgetExtension.appex */;
			productType = "com.apple.product-type.app-extension";
		};
/* End PBXNativeTarget section */

/* Begin PBXProject section */
		900000000000000000000001 /* Project object */ = {
			isa = PBXProject;
			attributes = {
				BuildIndependentTargetsInParallel = 1;
				LastSwiftUpdateCheck = 1640;
				LastUpgradeCheck = 1640;
				TargetAttributes = {
					111111111111111111111111 = {
						CreatedOnToolsVersion = 16.4;
					};
					222222222222222222222222 = {
						CreatedOnToolsVersion = 16.4;
					};
				};
			};
			buildConfigurationList = 800000000000000000000003 /* Build configuration list for PBXProject "Github Contribution Widget" */;
			compatibilityVersion = "Xcode 14.0";
			developmentRegion = en;
			hasScannedForEncodings = 0;
			knownRegions = (
				en,
				Base,
			);
			mainGroup = 600000000000000000000001;
			productRefGroup = 600000000000000000000007 /* Products */;
			projectDirPath = "";
			projectRoot = "";
			targets = (
				111111111111111111111111 /* Github Contribution Widget */,
				222222222222222222222222 /* GithubContributionWidgetExtension */,
			);
		};
/* End PBXProject section */

/* Begin PBXResourcesBuildPhase section */
		700000000000000000000002 /* Resources */ = {
			isa = PBXResourcesBuildPhase;
			buildActionMask = 2147483647;
			files = (
				100000000000000000000017 /* Assets.xcassets in Resources */,
			);
			runOnlyForDeploymentPostprocessing = 0;
		};
		700000000000000000000004 /* Resources */ = {
			isa = PBXResourcesBuildPhase;
			buildActionMask = 2147483647;
			files = (
			);
			runOnlyForDeploymentPostprocessing = 0;
		};
/* End PBXResourcesBuildPhase section */

/* Begin PBXSourcesBuildPhase section */
		700000000000000000000001 /* Sources */ = {
			isa = PBXSourcesBuildPhase;
			buildActionMask = 2147483647;
			files = (
				100000000000000000000001 /* GithubContributionWidgetApp.swift in Sources */,
				100000000000000000000002 /* ContentView.swift in Sources */,
				100000000000000000000003 /* ContributionProfile.swift in Sources */,
				100000000000000000000004 /* ContributionWidgetCard.swift in Sources */,
				100000000000000000000010 /* SettingsView.swift in Sources */,
				100000000000000000000011 /* GitHubSettings.swift in Sources */,
				100000000000000000000012 /* GitHubService.swift in Sources */,
				100000000000000000000015 /* KeychainService.swift in Sources */,
			);
			runOnlyForDeploymentPostprocessing = 0;
		};
		700000000000000000000003 /* Sources */ = {
			isa = PBXSourcesBuildPhase;
			buildActionMask = 2147483647;
			files = (
				100000000000000000000005 /* GithubContributionWidget.swift in Sources */,
				100000000000000000000006 /* GithubContributionWidgetBundle.swift in Sources */,
				100000000000000000000007 /* ContributionProfile.swift in Sources */,
				100000000000000000000008 /* ContributionWidgetCard.swift in Sources */,
				100000000000000000000013 /* GitHubSettings.swift in Sources */,
				100000000000000000000014 /* GitHubService.swift in Sources */,
				100000000000000000000016 /* KeychainService.swift in Sources */,
			);
			runOnlyForDeploymentPostprocessing = 0;
		};
/* End PBXSourcesBuildPhase section */

/* Begin PBXTargetDependency section */
		300000000000000000000002 /* PBXTargetDependency */ = {
			isa = PBXTargetDependency;
			target = 222222222222222222222222 /* GithubContributionWidgetExtension */;
			targetProxy = 300000000000000000000001 /* PBXContainerItemProxy */;
		};
/* End PBXTargetDependency section */

/* Begin XCBuildConfiguration section */
		810000000000000000000001 /* Debug */ = {
			isa = XCBuildConfiguration;
			buildSettings = {
				ALWAYS_SEARCH_USER_PATHS = NO;
				CLANG_ANALYZER_NONNULL = YES;
				CLANG_ANALYZER_NUMBER_OBJECT_CONVERSION = YES_AGGRESSIVE;
				CLANG_CXX_LANGUAGE_STANDARD = "gnu++20";
				CLANG_ENABLE_MODULES = YES;
				CLANG_ENABLE_OBJC_ARC = YES;
				CLANG_ENABLE_OBJC_WEAK = YES;
				CLANG_WARN_BLOCK_CAPTURE_AUTORELEASING = YES;
				CLANG_WARN_BOOL_CONVERSION = YES;
				CLANG_WARN_COMMA = YES;
				CLANG_WARN_CONSTANT_CONVERSION = YES;
				CLANG_WARN_DEPRECATED_OBJC_IMPLEMENTATIONS = YES;
				CLANG_WARN_DIRECT_OBJC_ISA_USAGE = YES_ERROR;
				CLANG_WARN_DOCUMENTATION_COMMENTS = YES;
				CLANG_WARN_EMPTY_BODY = YES;
				CLANG_WARN_ENUM_CONVERSION = YES;
				CLANG_WARN_INFINITE_RECURSION = YES;
				CLANG_WARN_INT_CONVERSION = YES;
				CLANG_WARN_NON_LITERAL_NULL_CONVERSION = YES;
				CLANG_WARN_OBJC_IMPLICIT_RETAIN_SELF = YES;
				CLANG_WARN_OBJC_LITERAL_CONVERSION = YES;
				CLANG_WARN_OBJC_ROOT_CLASS = YES_ERROR;
				CLANG_WARN_QUOTED_INCLUDE_IN_FRAMEWORK_HEADER = YES;
				CLANG_WARN_RANGE_LOOP_ANALYSIS = YES;
				CLANG_WARN_STRICT_PROTOTYPES = YES;
				CLANG_WARN_SUSPICIOUS_MOVE = YES;
				CLANG_WARN_UNGUARDED_AVAILABILITY = YES_AGGRESSIVE;
				CLANG_WARN_UNREACHABLE_CODE = YES;
				CLANG_WARN__DUPLICATE_METHOD_MATCH = YES;
				COPY_PHASE_STRIP = NO;
				DEBUG_INFORMATION_FORMAT = dwarf;
				ENABLE_STRICT_OBJC_MSGSEND = YES;
				ENABLE_TESTABILITY = YES;
				ENABLE_USER_SCRIPT_SANDBOXING = YES;
				GCC_C_LANGUAGE_STANDARD = gnu17;
				GCC_DYNAMIC_NO_PIC = NO;
				GCC_NO_COMMON_BLOCKS = YES;
				GCC_OPTIMIZATION_LEVEL = 0;
				GCC_PREPROCESSOR_DEFINITIONS = (
					"DEBUG=1",
					"$(inherited)",
				);
				GCC_WARN_64_TO_32_BIT_CONVERSION = YES;
				GCC_WARN_ABOUT_RETURN_TYPE = YES_ERROR;
				GCC_WARN_UNDECLARED_SELECTOR = YES;
				GCC_WARN_UNINITIALIZED_AUTOS = YES_AGGRESSIVE;
				GCC_WARN_UNUSED_FUNCTION = YES;
				GCC_WARN_UNUSED_VARIABLE = YES;
				MACOSX_DEPLOYMENT_TARGET = 14.0;
				MTL_ENABLE_DEBUG_INFO = INCLUDE_SOURCE;
				MTL_FAST_MATH = YES;
				ONLY_ACTIVE_ARCH = YES;
				SDKROOT = macosx;
				SWIFT_ACTIVE_COMPILATION_CONDITIONS = DEBUG;
				SWIFT_OPTIMIZATION_LEVEL = "-Onone";
			};
			name = Debug;
		};
		810000000000000000000002 /* Release */ = {
			isa = XCBuildConfiguration;
			buildSettings = {
				ALWAYS_SEARCH_USER_PATHS = NO;
				CLANG_ANALYZER_NONNULL = YES;
				CLANG_ANALYZER_NUMBER_OBJECT_CONVERSION = YES_AGGRESSIVE;
				CLANG_CXX_LANGUAGE_STANDARD = "gnu++20";
				CLANG_ENABLE_MODULES = YES;
				CLANG_ENABLE_OBJC_ARC = YES;
				CLANG_ENABLE_OBJC_WEAK = YES;
				CLANG_WARN_BLOCK_CAPTURE_AUTORELEASING = YES;
				CLANG_WARN_BOOL_CONVERSION = YES;
				CLANG_WARN_COMMA = YES;
				CLANG_WARN_CONSTANT_CONVERSION = YES;
				CLANG_WARN_DEPRECATED_OBJC_IMPLEMENTATIONS = YES;
				CLANG_WARN_DIRECT_OBJC_ISA_USAGE = YES_ERROR;
				CLANG_WARN_DOCUMENTATION_COMMENTS = YES;
				CLANG_WARN_EMPTY_BODY = YES;
				CLANG_WARN_ENUM_CONVERSION = YES;
				CLANG_WARN_INFINITE_RECURSION = YES;
				CLANG_WARN_INT_CONVERSION = YES;
				CLANG_WARN_NON_LITERAL_NULL_CONVERSION = YES;
				CLANG_WARN_OBJC_IMPLICIT_RETAIN_SELF = YES;
				CLANG_WARN_OBJC_LITERAL_CONVERSION = YES;
				CLANG_WARN_OBJC_ROOT_CLASS = YES_ERROR;
				CLANG_WARN_QUOTED_INCLUDE_IN_FRAMEWORK_HEADER = YES;
				CLANG_WARN_RANGE_LOOP_ANALYSIS = YES;
				CLANG_WARN_STRICT_PROTOTYPES = YES;
				CLANG_WARN_SUSPICIOUS_MOVE = YES;
				CLANG_WARN_UNGUARDED_AVAILABILITY = YES_AGGRESSIVE;
				CLANG_WARN_UNREACHABLE_CODE = YES;
				CLANG_WARN__DUPLICATE_METHOD_MATCH = YES;
				COPY_PHASE_STRIP = NO;
				DEBUG_INFORMATION_FORMAT = "dwarf-with-dsym";
				ENABLE_NS_ASSERTIONS = NO;
				ENABLE_STRICT_OBJC_MSGSEND = YES;
				ENABLE_USER_SCRIPT_SANDBOXING = YES;
				GCC_C_LANGUAGE_STANDARD = gnu17;
				GCC_NO_COMMON_BLOCKS = YES;
				GCC_WARN_64_TO_32_BIT_CONVERSION = YES;
				GCC_WARN_ABOUT_RETURN_TYPE = YES_ERROR;
				GCC_WARN_UNDECLARED_SELECTOR = YES;
				GCC_WARN_UNINITIALIZED_AUTOS = YES_AGGRESSIVE;
				GCC_WARN_UNUSED_FUNCTION = YES;
				GCC_WARN_UNUSED_VARIABLE = YES;
				MACOSX_DEPLOYMENT_TARGET = 14.0;
				MTL_ENABLE_DEBUG_INFO = NO;
				MTL_FAST_MATH = YES;
				SDKROOT = macosx;
				SWIFT_COMPILATION_MODE = wholemodule;
				SWIFT_OPTIMIZATION_LEVEL = "-O";
			};
			name = Release;
		};
		810000000000000000000003 /* Debug */ = {
			isa = XCBuildConfiguration;
			buildSettings = {
				ASSETCATALOG_COMPILER_APPICON_NAME = AppIcon;
				CODE_SIGN_ENTITLEMENTS = GithubContributionWidget/GithubContributionWidget.entitlements;
				CODE_SIGN_STYLE = Automatic;
				COMBINE_HIDPI_IMAGES = YES;
				CURRENT_PROJECT_VERSION = 1;
				ENABLE_HARDENED_RUNTIME = YES;
				GENERATE_INFOPLIST_FILE = YES;
				INFOPLIST_KEY_CFBundleDisplayName = "Github Contribution Widget";
				INFOPLIST_KEY_LSApplicationCategoryType = "public.app-category.developer-tools";
				LD_RUNPATH_SEARCH_PATHS = (
					"$(inherited)",
					"@executable_path/../Frameworks",
				);
				MARKETING_VERSION = 1.0;
				PRODUCT_BUNDLE_IDENTIFIER = com.amankumar.githubcontributionwidget;
				PRODUCT_NAME = "$(TARGET_NAME)";
				SWIFT_VERSION = 5.0;
			};
			name = Debug;
		};
		810000000000000000000004 /* Release */ = {
			isa = XCBuildConfiguration;
			buildSettings = {
				ASSETCATALOG_COMPILER_APPICON_NAME = AppIcon;
				CODE_SIGN_ENTITLEMENTS = GithubContributionWidget/GithubContributionWidget.entitlements;
				CODE_SIGN_STYLE = Automatic;
				COMBINE_HIDPI_IMAGES = YES;
				CURRENT_PROJECT_VERSION = 1;
				ENABLE_HARDENED_RUNTIME = YES;
				GENERATE_INFOPLIST_FILE = YES;
				INFOPLIST_KEY_CFBundleDisplayName = "Github Contribution Widget";
				INFOPLIST_KEY_LSApplicationCategoryType = "public.app-category.developer-tools";
				LD_RUNPATH_SEARCH_PATHS = (
					"$(inherited)",
					"@executable_path/../Frameworks",
				);
				MARKETING_VERSION = 1.0;
				PRODUCT_BUNDLE_IDENTIFIER = com.amankumar.githubcontributionwidget;
				PRODUCT_NAME = "$(TARGET_NAME)";
				SWIFT_VERSION = 5.0;
			};
			name = Release;
		};
		810000000000000000000005 /* Debug */ = {
			isa = XCBuildConfiguration;
			buildSettings = {
				APPLICATION_EXTENSION_API_ONLY = YES;
				CODE_SIGN_ENTITLEMENTS = GithubContributionWidgetExtension/GithubContributionWidgetExtension.entitlements;
				CODE_SIGN_STYLE = Automatic;
				CURRENT_PROJECT_VERSION = 1;
				GENERATE_INFOPLIST_FILE = NO;
				INFOPLIST_FILE = GithubContributionWidgetExtension/Info.plist;
				LD_RUNPATH_SEARCH_PATHS = (
					"$(inherited)",
					"@executable_path/../Frameworks",
					"@executable_path/../../../../Frameworks",
				);
				MARKETING_VERSION = 1.0;
				PRODUCT_BUNDLE_IDENTIFIER = com.amankumar.githubcontributionwidget.widget;
				PRODUCT_NAME = "$(TARGET_NAME)";
				SKIP_INSTALL = YES;
				SWIFT_VERSION = 5.0;
			};
			name = Debug;
		};
		810000000000000000000006 /* Release */ = {
			isa = XCBuildConfiguration;
			buildSettings = {
				APPLICATION_EXTENSION_API_ONLY = YES;
				CODE_SIGN_ENTITLEMENTS = GithubContributionWidgetExtension/GithubContributionWidgetExtension.entitlements;
				CODE_SIGN_STYLE = Automatic;
				CURRENT_PROJECT_VERSION = 1;
				GENERATE_INFOPLIST_FILE = NO;
				INFOPLIST_FILE = GithubContributionWidgetExtension/Info.plist;
				LD_RUNPATH_SEARCH_PATHS = (
					"$(inherited)",
					"@executable_path/../Frameworks",
					"@executable_path/../../../../Frameworks",
				);
				MARKETING_VERSION = 1.0;
				PRODUCT_BUNDLE_IDENTIFIER = com.amankumar.githubcontributionwidget.widget;
				PRODUCT_NAME = "$(TARGET_NAME)";
				SKIP_INSTALL = YES;
				SWIFT_VERSION = 5.0;
			};
			name = Release;
		};
/* End XCBuildConfiguration section */

/* Begin XCConfigurationList section */
		800000000000000000000001 /* Build configuration list for PBXNativeTarget "Github Contribution Widget" */ = {
			isa = XCConfigurationList;
			buildConfigurations = (
				810000000000000000000003 /* Debug */,
				810000000000000000000004 /* Release */,
			);
			defaultConfigurationIsVisible = 0;
			defaultConfigurationName = Release;
		};
		800000000000000000000002 /* Build configuration list for PBXNativeTarget "GithubContributionWidgetExtension" */ = {
			isa = XCConfigurationList;
			buildConfigurations = (
				810000000000000000000005 /* Debug */,
				810000000000000000000006 /* Release */,
			);
			defaultConfigurationIsVisible = 0;
			defaultConfigurationName = Release;
		};
		800000000000000000000003 /* Build configuration list for PBXProject "Github Contribution Widget" */ = {
			isa = XCConfigurationList;
			buildConfigurations = (
				810000000000000000000001 /* Debug */,
				810000000000000000000002 /* Release */,
			);
			defaultConfigurationIsVisible = 0;
			defaultConfigurationName = Release;
		};
/* End XCConfigurationList section */
	};
	rootObject = 900000000000000000000001 /* Project object */;
}
